
Microsoft Visual Studio Solution File, Format Version 12.00
# Visual Studio Version 17
VisualStudioVersion = 17.7.34221.43
MinimumVisualStudioVersion = 10.0.40219.1
Project("{FAE04EC0-301F-11D3-BF4B-00C04F79EFBC}") = "MySharedLibrary", "MySharedLibrary\MySharedLibrary.csproj", "{42F52187-4D8F-4F06-8A50-540A136A976F}"
EndProject
Global
	GlobalSection(SolutionConfigurationPlatforms) = preSolution
		Debug|Any CPU = Debug|Any CPU
		Release|Any CPU = Release|Any CPU
	EndGlobalSection
	GlobalSection(ProjectConfigurationPlatforms) = postSolution
		{42F52187-4D8F-4F06-8A50-540A136A976F}.Debug|Any CPU.ActiveCfg = Debug|Any CPU
		{42F52187-4D8F-4F06-8A50-540A136A976F}.Debug|Any CPU.Build.0 = Debug|Any CPU
		{42F52187-4D8F-4F06-8A50-540A136A976F}.Release|Any CPU.ActiveCfg = Release|Any CPU
		{42F52187-4D8F-4F06-8A50-540A136A976F}.Release|Any CPU.Build.0 = Release|Any CPU
	EndGlobalSection
	GlobalSection(SolutionProperties) = preSolution
		HideSolutionNode = FALSE
	EndGlobalSection
	GlobalSection(ExtensibilityGlobals) = postSolution
		SolutionGuid = {370FA7B2-3487-4CEE-9A16-351CE965A8A0}
	EndGlobalSection
EndGlobal
